
Microsoft Visual Studio Solution File, Format Version 12.00
# Visual Studio Version 17
VisualStudioVersion = 17.8.34330.188
MinimumVisualStudioVersion = 10.0.40219.1
Project("{9A19103F-16F7-4668-BE54-9A1E7A4F7556}") = "TP01.MVC.Web", "TP01.MVC.Web\TP01.MVC.Web.csproj", "{D37B0C86-452F-46CC-8D91-EBD094CAEFCC}"
EndProject
Project("{9A19103F-16F7-4668-BE54-9A1E7A4F7556}") = "TP01EF2024.Datos", "TP01EF2024.Datos\TP01EF2024.Datos.csproj", "{F135530F-EC29-4868-8B1F-D52145A0ECCA}"
EndProject
Project("{9A19103F-16F7-4668-BE54-9A1E7A4F7556}") = "TP01EF2024.Entidades", "TP01EF2024.Entidades\TP01EF2024.Entidades.csproj", "{8995CA1A-880E-494B-92B7-EC64D6D44F11}"
EndProject
Project("{9A19103F-16F7-4668-BE54-9A1E7A4F7556}") = "TP01EF2024.InversionOfControl", "TP01EF2024.InversionOfControl\TP01EF2024.InversionOfControl.csproj", "{BBDC75D9-1922-4A43-8E62-2E613B0CDEAB}"
EndProject
Project("{9A19103F-16F7-4668-BE54-9A1E7A4F7556}") = "TP01EF2024.Servicios", "TP01EF2024.Servicios\TP01EF2024.Servicios.csproj", "{1CAA07DF-D2B5-40C2-93EC-9F19EF7BF88F}"
EndProject
Global
	GlobalSection(SolutionConfigurationPlatforms) = preSolution
		Debug|Any CPU = Debug|Any CPU
		Release|Any CPU = Release|Any CPU
	EndGlobalSection
	GlobalSection(ProjectConfigurationPlatforms) = postSolution
		{D37B0C86-452F-46CC-8D91-EBD094CAEFCC}.Debug|Any CPU.ActiveCfg = Debug|Any CPU
		{D37B0C86-452F-46CC-8D91-EBD094CAEFCC}.Debug|Any CPU.Build.0 = Debug|Any CPU
		{D37B0C86-452F-46CC-8D91-EBD094CAEFCC}.Release|Any CPU.ActiveCfg = Release|Any CPU
		{D37B0C86-452F-46CC-8D91-EBD094CAEFCC}.Release|Any CPU.Build.0 = Release|Any CPU
		{F135530F-EC29-4868-8B1F-D52145A0ECCA}.Debug|Any CPU.ActiveCfg = Debug|Any CPU
		{F135530F-EC29-4868-8B1F-D52145A0ECCA}.Debug|Any CPU.Build.0 = Debug|Any CPU
		{F135530F-EC29-4868-8B1F-D52145A0ECCA}.Release|Any CPU.ActiveCfg = Release|Any CPU
		{F135530F-EC29-4868-8B1F-D52145A0ECCA}.Release|Any CPU.Build.0 = Release|Any CPU
		{8995CA1A-880E-494B-92B7-EC64D6D44F11}.Debug|Any CPU.ActiveCfg = Debug|Any CPU
		{8995CA1A-880E-494B-92B7-EC64D6D44F11}.Debug|Any CPU.Build.0 = Debug|Any CPU
		{8995CA1A-880E-494B-92B7-EC64D6D44F11}.Release|Any CPU.ActiveCfg = Release|Any CPU
		{8995CA1A-880E-494B-92B7-EC64D6D44F11}.Release|Any CPU.Build.0 = Release|Any CPU
		{BBDC75D9-1922-4A43-8E62-2E613B0CDEAB}.Debug|Any CPU.ActiveCfg = Debug|Any CPU
		{BBDC75D9-1922-4A43-8E62-2E613B0CDEAB}.Debug|Any CPU.Build.0 = Debug|Any CPU
		{BBDC75D9-1922-4A43-8E62-2E613B0CDEAB}.Release|Any CPU.ActiveCfg = Release|Any CPU
		{BBDC75D9-1922-4A43-8E62-2E613B0CDEAB}.Release|Any CPU.Build.0 = Release|Any CPU
		{1CAA07DF-D2B5-40C2-93EC-9F19EF7BF88F}.Debug|Any CPU.ActiveCfg = Debug|Any CPU
		{1CAA07DF-D2B5-40C2-93EC-9F19EF7BF88F}.Debug|Any CPU.Build.0 = Debug|Any CPU
		{1CAA07DF-D2B5-40C2-93EC-9F19EF7BF88F}.Release|Any CPU.ActiveCfg = Release|Any CPU
		{1CAA07DF-D2B5-40C2-93EC-9F19EF7BF88F}.Release|Any CPU.Build.0 = Release|Any CPU
	EndGlobalSection
	GlobalSection(SolutionProperties) = preSolution
		HideSolutionNode = FALSE
	EndGlobalSection
	GlobalSection(ExtensibilityGlobals) = postSolution
		SolutionGuid = {BD8C8C91-B39D-46D0-8E93-DB42A978C23F}
	EndGlobalSection
EndGlobal
